
Microsoft Visual Studio Solution File, Format Version 12.00
Project("{2150E333-8FDC-42A3-9474-1A3956D46DE8}") = "Bootstrapper", "Bootstrapper", "{EC57C147-FB7D-4380-B13F-5698F1FEA7CA}"
EndProject
Project("{2150E333-8FDC-42A3-9474-1A3956D46DE8}") = "Modules", "Modules", "{1DEFD333-4E28-4952-A2B5-43B7B40EF8CF}"
EndProject
Project("{2150E333-8FDC-42A3-9474-1A3956D46DE8}") = "Shared", "Shared", "{0EA57756-5D02-4FE7-95BC-99CC9D5CAE28}"
EndProject
Project("{FAE04EC0-301F-11D3-BF4B-00C04F79EFBC}") = "HMMA.Bootstrapper", "src\Bootstrapper\HMMA.Bootstrapper\HMMA.Bootstrapper.csproj", "{8D3D2A99-985A-4230-A45B-8880CD91D39E}"
EndProject
Project("{2150E333-8FDC-42A3-9474-1A3956D46DE8}") = "Users", "Users", "{8FFFF957-1043-4F93-84AC-27DA3725E09F}"
EndProject
Project("{2150E333-8FDC-42A3-9474-1A3956D46DE8}") = "Notifications", "Notifications", "{B1145F6E-439A-47C1-92BA-B86486A1E6CC}"
EndProject
Project("{FAE04EC0-301F-11D3-BF4B-00C04F79EFBC}") = "HMMA.Modules.Users.Api", "src\Modules\Users\HMMA.Modules.Users.Api\HMMA.Modules.Users.Api.csproj", "{3013EB93-F2A1-4CB7-8DC8-C2110FD4BE64}"
EndProject
Project("{FAE04EC0-301F-11D3-BF4B-00C04F79EFBC}") = "HMMA.Modules.Users.Core", "src\Modules\Users\HMMA.Modules.Users.Core\HMMA.Modules.Users.Core.csproj", "{CC4E461D-7C83-445F-878A-48E016163E7B}"
EndProject
Project("{FAE04EC0-301F-11D3-BF4B-00C04F79EFBC}") = "HMMA.Modules.Users.Shares", "src\Modules\Users\HMMA.Modules.Users.Shares\HMMA.Modules.Users.Shares.csproj", "{AEB9A36D-56FC-4159-AB2D-1C94F533B9D7}"
EndProject
Project("{2150E333-8FDC-42A3-9474-1A3956D46DE8}") = "Tests", "Tests", "{CE9244C7-3713-4CB2-8CAE-D409B6AE379C}"
EndProject
Global
	GlobalSection(SolutionConfigurationPlatforms) = preSolution
		Debug|Any CPU = Debug|Any CPU
		Release|Any CPU = Release|Any CPU
	EndGlobalSection
	GlobalSection(NestedProjects) = preSolution
		{8D3D2A99-985A-4230-A45B-8880CD91D39E} = {EC57C147-FB7D-4380-B13F-5698F1FEA7CA}
		{8FFFF957-1043-4F93-84AC-27DA3725E09F} = {1DEFD333-4E28-4952-A2B5-43B7B40EF8CF}
		{B1145F6E-439A-47C1-92BA-B86486A1E6CC} = {1DEFD333-4E28-4952-A2B5-43B7B40EF8CF}
		{3013EB93-F2A1-4CB7-8DC8-C2110FD4BE64} = {8FFFF957-1043-4F93-84AC-27DA3725E09F}
		{CC4E461D-7C83-445F-878A-48E016163E7B} = {8FFFF957-1043-4F93-84AC-27DA3725E09F}
		{AEB9A36D-56FC-4159-AB2D-1C94F533B9D7} = {8FFFF957-1043-4F93-84AC-27DA3725E09F}
	EndGlobalSection
	GlobalSection(ProjectConfigurationPlatforms) = postSolution
		{8D3D2A99-985A-4230-A45B-8880CD91D39E}.Debug|Any CPU.ActiveCfg = Debug|Any CPU
		{8D3D2A99-985A-4230-A45B-8880CD91D39E}.Debug|Any CPU.Build.0 = Debug|Any CPU
		{8D3D2A99-985A-4230-A45B-8880CD91D39E}.Release|Any CPU.ActiveCfg = Release|Any CPU
		{8D3D2A99-985A-4230-A45B-8880CD91D39E}.Release|Any CPU.Build.0 = Release|Any CPU
		{3013EB93-F2A1-4CB7-8DC8-C2110FD4BE64}.Debug|Any CPU.ActiveCfg = Debug|Any CPU
		{3013EB93-F2A1-4CB7-8DC8-C2110FD4BE64}.Debug|Any CPU.Build.0 = Debug|Any CPU
		{3013EB93-F2A1-4CB7-8DC8-C2110FD4BE64}.Release|Any CPU.ActiveCfg = Release|Any CPU
		{3013EB93-F2A1-4CB7-8DC8-C2110FD4BE64}.Release|Any CPU.Build.0 = Release|Any CPU
		{CC4E461D-7C83-445F-878A-48E016163E7B}.Debug|Any CPU.ActiveCfg = Debug|Any CPU
		{CC4E461D-7C83-445F-878A-48E016163E7B}.Debug|Any CPU.Build.0 = Debug|Any CPU
		{CC4E461D-7C83-445F-878A-48E016163E7B}.Release|Any CPU.ActiveCfg = Release|Any CPU
		{CC4E461D-7C83-445F-878A-48E016163E7B}.Release|Any CPU.Build.0 = Release|Any CPU
		{AEB9A36D-56FC-4159-AB2D-1C94F533B9D7}.Debug|Any CPU.ActiveCfg = Debug|Any CPU
		{AEB9A36D-56FC-4159-AB2D-1C94F533B9D7}.Debug|Any CPU.Build.0 = Debug|Any CPU
		{AEB9A36D-56FC-4159-AB2D-1C94F533B9D7}.Release|Any CPU.ActiveCfg = Release|Any CPU
		{AEB9A36D-56FC-4159-AB2D-1C94F533B9D7}.Release|Any CPU.Build.0 = Release|Any CPU
	EndGlobalSection
EndGlobal
