
Microsoft Visual Studio Solution File, Format Version 12.00
Project("{2150E333-8FDC-42A3-9474-1A3956D46DE8}") = "src", "src", "{9AB35570-075E-4FE7-8870-1B250AABC868}"
EndProject
Project("{2150E333-8FDC-42A3-9474-1A3956D46DE8}") = "test", "test", "{56F0B559-1ADB-4BD3-AD50-E1E3FF5867EB}"
EndProject
Project("{2150E333-8FDC-42A3-9474-1A3956D46DE8}") = "Bootstrapper", "Bootstrapper", "{377AC736-B244-4FE7-9EFC-73973C221CB6}"
EndProject
Project("{2150E333-8FDC-42A3-9474-1A3956D46DE8}") = "Modules", "Modules", "{83A44740-2F9A-4460-B24C-8ABF01873433}"
EndProject
Project("{2150E333-8FDC-42A3-9474-1A3956D46DE8}") = "Shared", "Shared", "{727B96DF-4623-45AB-A90A-26D8CDF8BDD5}"
EndProject
Project("{FAE04EC0-301F-11D3-BF4B-00C04F79EFBC}") = "HMMA.Bootstrapper", "HMMA.Bootstrapper\HMMA.Bootstrapper.csproj", "{DC1F30A2-431E-4FF0-BEA1-061A739F260A}"
EndProject
Project("{2150E333-8FDC-42A3-9474-1A3956D46DE8}") = "Notifications", "Notifications", "{074DB368-4985-400D-AB7D-64FB7BC8C6E3}"
EndProject
Project("{2150E333-8FDC-42A3-9474-1A3956D46DE8}") = "Users", "Users", "{1A019660-022F-4711-A76B-D770033F0539}"
EndProject
Project("{FAE04EC0-301F-11D3-BF4B-00C04F79EFBC}") = "HMMA.Modules.Api", "HMMA.Modules.Api\HMMA.Modules.Api.csproj", "{0FB5CA12-1178-4DDD-9EAC-B7CD3111CC19}"
EndProject
Project("{FAE04EC0-301F-11D3-BF4B-00C04F79EFBC}") = "HMMA.Modules.Core", "HMMA.Modules.Core\HMMA.Modules.Core.csproj", "{3352B10F-7062-412B-B08B-DDC0CAF98131}"
EndProject
Project("{FAE04EC0-301F-11D3-BF4B-00C04F79EFBC}") = "HMMA.Modules.Shared", "HMMA.Modules.Shared\HMMA.Modules.Shared.csproj", "{106F0DDA-6A11-4747-9849-8D8ED48700C7}"
EndProject
Global
	GlobalSection(SolutionConfigurationPlatforms) = preSolution
		Debug|Any CPU = Debug|Any CPU
		Release|Any CPU = Release|Any CPU
	EndGlobalSection
	GlobalSection(NestedProjects) = preSolution
		{377AC736-B244-4FE7-9EFC-73973C221CB6} = {9AB35570-075E-4FE7-8870-1B250AABC868}
		{83A44740-2F9A-4460-B24C-8ABF01873433} = {9AB35570-075E-4FE7-8870-1B250AABC868}
		{727B96DF-4623-45AB-A90A-26D8CDF8BDD5} = {9AB35570-075E-4FE7-8870-1B250AABC868}
		{DC1F30A2-431E-4FF0-BEA1-061A739F260A} = {377AC736-B244-4FE7-9EFC-73973C221CB6}
		{074DB368-4985-400D-AB7D-64FB7BC8C6E3} = {83A44740-2F9A-4460-B24C-8ABF01873433}
		{1A019660-022F-4711-A76B-D770033F0539} = {83A44740-2F9A-4460-B24C-8ABF01873433}
		{0FB5CA12-1178-4DDD-9EAC-B7CD3111CC19} = {1A019660-022F-4711-A76B-D770033F0539}
		{3352B10F-7062-412B-B08B-DDC0CAF98131} = {1A019660-022F-4711-A76B-D770033F0539}
		{106F0DDA-6A11-4747-9849-8D8ED48700C7} = {1A019660-022F-4711-A76B-D770033F0539}
	EndGlobalSection
	GlobalSection(ProjectConfigurationPlatforms) = postSolution
		{DC1F30A2-431E-4FF0-BEA1-061A739F260A}.Debug|Any CPU.ActiveCfg = Debug|Any CPU
		{DC1F30A2-431E-4FF0-BEA1-061A739F260A}.Debug|Any CPU.Build.0 = Debug|Any CPU
		{DC1F30A2-431E-4FF0-BEA1-061A739F260A}.Release|Any CPU.ActiveCfg = Release|Any CPU
		{DC1F30A2-431E-4FF0-BEA1-061A739F260A}.Release|Any CPU.Build.0 = Release|Any CPU
		{0FB5CA12-1178-4DDD-9EAC-B7CD3111CC19}.Debug|Any CPU.ActiveCfg = Debug|Any CPU
		{0FB5CA12-1178-4DDD-9EAC-B7CD3111CC19}.Debug|Any CPU.Build.0 = Debug|Any CPU
		{0FB5CA12-1178-4DDD-9EAC-B7CD3111CC19}.Release|Any CPU.ActiveCfg = Release|Any CPU
		{0FB5CA12-1178-4DDD-9EAC-B7CD3111CC19}.Release|Any CPU.Build.0 = Release|Any CPU
		{3352B10F-7062-412B-B08B-DDC0CAF98131}.Debug|Any CPU.ActiveCfg = Debug|Any CPU
		{3352B10F-7062-412B-B08B-DDC0CAF98131}.Debug|Any CPU.Build.0 = Debug|Any CPU
		{3352B10F-7062-412B-B08B-DDC0CAF98131}.Release|Any CPU.ActiveCfg = Release|Any CPU
		{3352B10F-7062-412B-B08B-DDC0CAF98131}.Release|Any CPU.Build.0 = Release|Any CPU
		{106F0DDA-6A11-4747-9849-8D8ED48700C7}.Debug|Any CPU.ActiveCfg = Debug|Any CPU
		{106F0DDA-6A11-4747-9849-8D8ED48700C7}.Debug|Any CPU.Build.0 = Debug|Any CPU
		{106F0DDA-6A11-4747-9849-8D8ED48700C7}.Release|Any CPU.ActiveCfg = Release|Any CPU
		{106F0DDA-6A11-4747-9849-8D8ED48700C7}.Release|Any CPU.Build.0 = Release|Any CPU
	EndGlobalSection
EndGlobal
